
Microsoft Visual Studio Solution File, Format Version 12.00
# Visual Studio Version 17
VisualStudioVersion = 17.5.33516.290
MinimumVisualStudioVersion = 10.0.40219.1
Project("{8BC9CEB8-8B4A-11D0-8D11-00A0C91BC942}") = "Selection sort", "Selection sort\Selection sort.vcxproj", "{BFADA746-31F4-4BD2-86F3-FB5E3860CFCC}"
EndProject
Global
	GlobalSection(SolutionConfigurationPlatforms) = preSolution
		Debug|x64 = Debug|x64
		Debug|x86 = Debug|x86
		Release|x64 = Release|x64
		Release|x86 = Release|x86
	EndGlobalSection
	GlobalSection(ProjectConfigurationPlatforms) = postSolution
		{BFADA746-31F4-4BD2-86F3-FB5E3860CFCC}.Debug|x64.ActiveCfg = Debug|x64
		{BFADA746-31F4-4BD2-86F3-FB5E3860CFCC}.Debug|x64.Build.0 = Debug|x64
		{BFADA746-31F4-4BD2-86F3-FB5E3860CFCC}.Debug|x86.ActiveCfg = Debug|Win32
		{BFADA746-31F4-4BD2-86F3-FB5E3860CFCC}.Debug|x86.Build.0 = Debug|Win32
		{BFADA746-31F4-4BD2-86F3-FB5E3860CFCC}.Release|x64.ActiveCfg = Release|x64
		{BFADA746-31F4-4BD2-86F3-FB5E3860CFCC}.Release|x64.Build.0 = Release|x64
		{BFADA746-31F4-4BD2-86F3-FB5E3860CFCC}.Release|x86.ActiveCfg = Release|Win32
		{BFADA746-31F4-4BD2-86F3-FB5E3860CFCC}.Release|x86.Build.0 = Release|Win32
	EndGlobalSection
	GlobalSection(SolutionProperties) = preSolution
		HideSolutionNode = FALSE
	EndGlobalSection
	GlobalSection(ExtensibilityGlobals) = postSolution
		SolutionGuid = {91C8D3C8-17DD-43EF-8995-948A58DBAB0B}
	EndGlobalSection
EndGlobal
